<?xml version="1.0" encoding="utf-8"?>
<Project ToolsVersion="4.0" xmlns="http://schemas.microsoft.com/developer/msbuild/2003">
  <ItemGroup>
    <Filter Include="Source Files">
      <UniqueIdentifier>{4FC737F1-C7A5-4376-A066-2A32D752A2FF}</UniqueIdentifier>
      <Extensions>cpp;c;cc;cxx;c++;cppm;ixx;def;odl;idl;hpj;bat;asm;asmx</Extensions>
    </Filter>
    <Filter Include="Header Files">
      <UniqueIdentifier>{93995380-89BD-4b04-88EB-625FBE52EBFB}</UniqueIdentifier>
      <Extensions>h;hh;hpp;hxx;h++;hm;inl;inc;ipp;xsd</Extensions>
    </Filter>
    <Filter Include="Resource Files">
      <UniqueIdentifier>{67DA6AB6-F800-4c08-8B7A-83BB121AAD01}</UniqueIdentifier>
      <Extensions>rc;ico;cur;bmp;dlg;rc2;rct;bin;rgs;gif;jpg;jpeg;jpe;resx;tiff;tif;png;wav;mfcribbon-ms</Extensions>
    </Filter>
  </ItemGroup>
  <ItemGroup>
    <ClCompile Include="src\graphics\Window.cpp">
      <Filter>Source Files</Filter>
    </ClCompile>
    <ClCompile Include="src\core\Game.cpp">
      <Filter>Source Files</Filter>
    </ClCompile>
    <ClCompile Include="src\core\SceneManager.cpp">
      <Filter>Source Files</Filter>
    </ClCompile>
    <ClCompile Include="src\graphics\Sprite.cpp">
      <Filter>Source Files</Filter>
    </ClCompile>
    <ClCompile Include="src\utils\TextureLoader.cpp">
      <Filter>Source Files</Filter>
    </ClCompile>
    <ClCompile Include="src\graphics\Renderer.cpp">
      <Filter>Source Files</Filter>
    </ClCompile>
    <ClCompile Include="src\maths\Vec4.cpp">
      <Filter>Source Files</Filter>
    </ClCompile>
    <ClCompile Include="src\utils\ColorManager.cpp">
      <Filter>Source Files</Filter>
    </ClCompile>
    <ClCompile Include="src\input\InputHandler.cpp">
      <Filter>Source Files</Filter>
    </ClCompile>
    <ClCompile Include="src\controllers\SimpleController.cpp">
      <Filter>Source Files</Filter>
    </ClCompile>
    <ClCompile Include="src\core\EventListener.cpp">
      <Filter>Source Files</Filter>
    </ClCompile>
    <ClCompile Include="src\graphics\DrawLayers.cpp">
      <Filter>Source Files</Filter>
    </ClCompile>
    <ClCompile Include="src\controllers\UDRLController.cpp">
      <Filter>Source Files</Filter>
    </ClCompile>
    <ClCompile Include="src\controllers\SimpleBulletController.cpp">
      <Filter>Source Files</Filter>
    </ClCompile>
    <ClCompile Include="src\utils\AssetManager.cpp">
      <Filter>Source Files</Filter>
    </ClCompile>
    <ClCompile Include="src\maths\Vec2Int.cpp">
      <Filter>Source Files</Filter>
    </ClCompile>
    <ClCompile Include="src\ai\SimpleWeakAI.cpp">
      <Filter>Source Files</Filter>
    </ClCompile>
    <ClCompile Include="src\ai\SimpleFollower.cpp">
      <Filter>Source Files</Filter>
    </ClCompile>
    <ClCompile Include="src\utils\ReferenceManager.cpp">
      <Filter>Source Files</Filter>
    </ClCompile>
    <ClCompile Include="src\core\Timer.cpp">
      <Filter>Source Files</Filter>
    </ClCompile>
    <ClCompile Include="src\physics\CollisionManager.cpp">
      <Filter>Source Files</Filter>
    </ClCompile>
    <ClCompile Include="src\physics\Collider.cpp">
      <Filter>Source Files</Filter>
    </ClCompile>
    <ClCompile Include="src\components\SimpleStatBar.cpp">
      <Filter>Source Files</Filter>
    </ClCompile>
    <ClCompile Include="src\core\Scene.cpp">
      <Filter>Source Files</Filter>
    </ClCompile>
    <ClCompile Include="src\utils\FontManager.cpp">
      <Filter>Source Files</Filter>
    </ClCompile>
    <ClCompile Include="src\graphics\Text.cpp">
      <Filter>Source Files</Filter>
    </ClCompile>
    <ClCompile Include="src\graphics\Drawable.cpp">
      <Filter>Source Files</Filter>
    </ClCompile>
    <ClCompile Include="src\core\Deleteable.cpp">
      <Filter>Source Files</Filter>
    </ClCompile>
    <ClCompile Include="src\input\TextInput.cpp">
      <Filter>Source Files</Filter>
    </ClCompile>
    <ClCompile Include="src\core\Positional.cpp">
      <Filter>Source Files</Filter>
    </ClCompile>
    <ClCompile Include="src\debug\DebugOverlay.cpp">
      <Filter>Source Files</Filter>
    </ClCompile>
    <ClCompile Include="src\graphics\AnsiColor.cpp">
      <Filter>Source Files</Filter>
    </ClCompile>
    <ClCompile Include="src\physics\Graver.cpp">
      <Filter>Source Files</Filter>
    </ClCompile>
    <ClCompile Include="src\physics\GraverManager.cpp">
      <Filter>Source Files</Filter>
    </ClCompile>
    <ClCompile Include="src\debug\DrawCircle.cpp">
      <Filter>Source Files</Filter>
    </ClCompile>
    <ClCompile Include="src\graphics\gfx\SDL2_gfxPrimitives.c.c">
      <Filter>Source Files</Filter>
    </ClCompile>
    <ClCompile Include="src\graphics\gfx\SDL2_framerate.c">
      <Filter>Source Files</Filter>
    </ClCompile>
    <ClCompile Include="src\graphics\gfx\SDL2_gfxPrimitives.c">
      <Filter>Source Files</Filter>
    </ClCompile>
    <ClCompile Include="src\graphics\gfx\SDL2_imageFilter.c">
      <Filter>Source Files</Filter>
    </ClCompile>
    <ClCompile Include="src\graphics\gfx\SDL2_rotozoom.c">
      <Filter>Source Files</Filter>
    </ClCompile>
    <ClCompile Include="src\utils\TweenManager.cpp">
      <Filter>Source Files</Filter>
    </ClCompile>
    <ClCompile Include="src\physics\TimeEffector.cpp">
      <Filter>Source Files</Filter>
    </ClCompile>
    <ClCompile Include="src\physics\TimeEffectorManager.cpp">
      <Filter>Source Files</Filter>
    </ClCompile>
    <ClCompile Include="src\physics\TimeEffected.cpp">
      <Filter>Source Files</Filter>
    </ClCompile>
    <ClCompile Include="src\debug\DrawRect.cpp">
      <Filter>Source Files</Filter>
    </ClCompile>
    <ClCompile Include="src\maths\Vec2.cpp">
      <Filter>Source Files</Filter>
    </ClCompile>
    <ClCompile Include="src\particles\Particle.cpp">
      <Filter>Source Files</Filter>
    </ClCompile>
    <ClCompile Include="src\particles\Dot.cpp">
      <Filter>Source Files</Filter>
    </ClCompile>
    <ClCompile Include="src\graphics\DrawableCollection.cpp">
      <Filter>Source Files</Filter>
    </ClCompile>
    <ClCompile Include="src\components\HitDisplay.cpp">
      <Filter>Source Files</Filter>
    </ClCompile>
    <ClCompile Include="src\input\ScrollSelect.cpp">
      <Filter>Source Files</Filter>
    </ClCompile>
    <ClCompile Include="src\input\MinMaxScrollSelect.cpp">
      <Filter>Source Files</Filter>
    </ClCompile>
    <ClCompile Include="src\utils\ValueManager.cpp">
      <Filter>Source Files</Filter>
    </ClCompile>
    <ClCompile Include="src\utils\timeline\TimelineEvent.cpp">
      <Filter>Source Files</Filter>
    </ClCompile>
    <ClCompile Include="src\utils\timeline\Timeline.cpp">
      <Filter>Source Files</Filter>
    </ClCompile>
    <ClCompile Include="src\utils\timeline\events\TimelineTriggerEvent.cpp">
      <Filter>Source Files</Filter>
    </ClCompile>
    <ClCompile Include="src\maps\TiledMap.cpp">
      <Filter>Source Files</Filter>
    </ClCompile>
    <ClCompile Include="src\graphics\Image.cpp">
      <Filter>Source Files</Filter>
    </ClCompile>
    <ClCompile Include="src\maps\Tile.cpp">
      <Filter>Source Files</Filter>
    </ClCompile>
    <ClCompile Include="src\core\Camera.cpp">
      <Filter>Source Files</Filter>
    </ClCompile>
    <ClCompile Include="src\core\BoundUser.cpp">
      <Filter>Source Files</Filter>
    </ClCompile>
    <ClCompile Include="src\core\NovaCore.cpp">
      <Filter>Source Files</Filter>
    </ClCompile>
    <ClCompile Include="src\maths\Rect.cpp">
      <Filter>Source Files</Filter>
    </ClCompile>
    <ClCompile Include="src\maps\TileMap.cpp">
      <Filter>Source Files</Filter>
    </ClCompile>
    <ClCompile Include="src\physics\PhySprite.cpp">
      <Filter>Source Files</Filter>
    </ClCompile>
    <ClCompile Include="src\utils\AudioManager.cpp">
      <Filter>Source Files</Filter>
    </ClCompile>
    <ClCompile Include="src\audio\Audio.cpp">
      <Filter>Source Files</Filter>
    </ClCompile>
    <ClCompile Include="src\gui\imgui\imgui.cpp">
      <Filter>Source Files</Filter>
    </ClCompile>
    <ClCompile Include="src\gui\imgui\imgui_demo.cpp">
      <Filter>Source Files</Filter>
    </ClCompile>
    <ClCompile Include="src\gui\imgui\imgui_draw.cpp">
      <Filter>Source Files</Filter>
    </ClCompile>
    <ClCompile Include="src\gui\imgui\imgui_impl_sdl.cpp">
      <Filter>Source Files</Filter>
    </ClCompile>
    <ClCompile Include="src\gui\imgui\imgui_widgets.cpp">
      <Filter>Source Files</Filter>
    </ClCompile>
    <ClCompile Include="src\gui\glad\glad.c">
      <Filter>Source Files</Filter>
    </ClCompile>
    <ClCompile Include="src\gui\imgui\imgui_impl_sdlrenderer.cpp">
      <Filter>Source Files</Filter>
    </ClCompile>
    <ClCompile Include="src\gui\imgui\imgui_tables.cpp">
      <Filter>Source Files</Filter>
    </ClCompile>
    <ClCompile Include="src\core\Environment.cpp">
      <Filter>Source Files</Filter>
    </ClCompile>
    <ClCompile Include="src\input\ScrollInput.cpp">
      <Filter>Source Files</Filter>
    </ClCompile>
    <ClCompile Include="src\utils\Director.cpp">
      <Filter>Source Files</Filter>
    </ClCompile>
  </ItemGroup>
  <ItemGroup>
    <ClInclude Include="src\graphics\Window.h">
      <Filter>Header Files</Filter>
    </ClInclude>
    <ClInclude Include="src\logging\Logging.h">
      <Filter>Header Files</Filter>
    </ClInclude>
    <ClInclude Include="src\core\Game.h">
      <Filter>Header Files</Filter>
    </ClInclude>
    <ClInclude Include="src\core\SceneManager.h">
      <Filter>Header Files</Filter>
    </ClInclude>
    <ClInclude Include="src\core\Scene.h">
      <Filter>Header Files</Filter>
    </ClInclude>
    <ClInclude Include="src\graphics\Sprite.h">
      <Filter>Header Files</Filter>
    </ClInclude>
    <ClInclude Include="src\core\Positional.h">
      <Filter>Header Files</Filter>
    </ClInclude>
    <ClInclude Include="src\utils\TextureLoader.h">
      <Filter>Header Files</Filter>
    </ClInclude>
    <ClInclude Include="src\graphics\Renderer.h">
      <Filter>Header Files</Filter>
    </ClInclude>
    <ClInclude Include="src\maths\Vec4.h">
      <Filter>Header Files</Filter>
    </ClInclude>
    <ClInclude Include="src\graphics\Color.h">
      <Filter>Header Files</Filter>
    </ClInclude>
    <ClInclude Include="src\utils\ColorManager.h">
      <Filter>Header Files</Filter>
    </ClInclude>
    <ClInclude Include="src\input\InputHandler.h">
      <Filter>Header Files</Filter>
    </ClInclude>
    <ClInclude Include="src\controllers\SimpleController.h">
      <Filter>Header Files</Filter>
    </ClInclude>
    <ClInclude Include="src\core\EventListener.h">
      <Filter>Header Files</Filter>
    </ClInclude>
    <ClInclude Include="src\graphics\DrawLayers.h">
      <Filter>Header Files</Filter>
    </ClInclude>
    <ClInclude Include="src\controllers\UDRLController.h">
      <Filter>Header Files</Filter>
    </ClInclude>
    <ClInclude Include="src\maths\Rect.h">
      <Filter>Header Files</Filter>
    </ClInclude>
    <ClInclude Include="src\controllers\SimpleBulletController.h">
      <Filter>Header Files</Filter>
    </ClInclude>
    <ClInclude Include="src\utils\AssetManager.h">
      <Filter>Header Files</Filter>
    </ClInclude>
    <ClInclude Include="src\maths\Vec2Int.h">
      <Filter>Header Files</Filter>
    </ClInclude>
    <ClInclude Include="src\ai\SimpleWeakAI.h">
      <Filter>Header Files</Filter>
    </ClInclude>
    <ClInclude Include="src\ai\SimpleFollower.h">
      <Filter>Header Files</Filter>
    </ClInclude>
    <ClInclude Include="src\core\BoundUser.h">
      <Filter>Header Files</Filter>
    </ClInclude>
    <ClInclude Include="src\core\NovaCore.h">
      <Filter>Header Files</Filter>
    </ClInclude>
    <ClInclude Include="src\utils\ReferenceManager.h">
      <Filter>Header Files</Filter>
    </ClInclude>
    <ClInclude Include="src\core\Referenceable.h">
      <Filter>Header Files</Filter>
    </ClInclude>
    <ClInclude Include="src\core\Timer.h">
      <Filter>Header Files</Filter>
    </ClInclude>
    <ClInclude Include="src\core\TimerWatcher.h">
      <Filter>Header Files</Filter>
    </ClInclude>
    <ClInclude Include="src\physics\CollisionManager.h">
      <Filter>Header Files</Filter>
    </ClInclude>
    <ClInclude Include="src\physics\Collider.h">
      <Filter>Header Files</Filter>
    </ClInclude>
    <ClInclude Include="src\physics\Collision.h">
      <Filter>Header Files</Filter>
    </ClInclude>
    <ClInclude Include="src\components\SimpleStatBar.h">
      <Filter>Header Files</Filter>
    </ClInclude>
    <ClInclude Include="src\graphics\Drawable.h">
      <Filter>Header Files</Filter>
    </ClInclude>
    <ClInclude Include="src\utils\FontManager.h">
      <Filter>Header Files</Filter>
    </ClInclude>
    <ClInclude Include="src\graphics\Text.h">
      <Filter>Header Files</Filter>
    </ClInclude>
    <ClInclude Include="src\core\Deleteable.h">
      <Filter>Header Files</Filter>
    </ClInclude>
    <ClInclude Include="src\utils\SQLManager.h">
      <Filter>Header Files</Filter>
    </ClInclude>
    <ClInclude Include="src\input\TextInput.h">
      <Filter>Header Files</Filter>
    </ClInclude>
    <ClInclude Include="src\input\Inputable.h">
      <Filter>Header Files</Filter>
    </ClInclude>
    <ClInclude Include="src\debug\DebugOverlay.h">
      <Filter>Header Files</Filter>
    </ClInclude>
    <ClInclude Include="src\graphics\AnsiColor.h">
      <Filter>Header Files</Filter>
    </ClInclude>
    <ClInclude Include="src\physics\Graver.h">
      <Filter>Header Files</Filter>
    </ClInclude>
    <ClInclude Include="src\physics\GraverManager.h">
      <Filter>Header Files</Filter>
    </ClInclude>
    <ClInclude Include="src\debug\DrawCircle.h">
      <Filter>Header Files</Filter>
    </ClInclude>
    <ClInclude Include="src\graphics\gfx\SDL2_gfxPrimitives.h">
      <Filter>Header Files</Filter>
    </ClInclude>
    <ClInclude Include="src\graphics\gfx\SDL2_framerate.h">
      <Filter>Header Files</Filter>
    </ClInclude>
    <ClInclude Include="src\graphics\gfx\SDL2_gfxPrimitives_font.h">
      <Filter>Header Files</Filter>
    </ClInclude>
    <ClInclude Include="src\graphics\gfx\SDL2_imageFilter.h">
      <Filter>Header Files</Filter>
    </ClInclude>
    <ClInclude Include="src\graphics\gfx\SDL2_rotozoom.h">
      <Filter>Header Files</Filter>
    </ClInclude>
    <ClInclude Include="src\utils\TweenManager.h">
      <Filter>Header Files</Filter>
    </ClInclude>
    <ClInclude Include="src\physics\TimeEffector.h">
      <Filter>Header Files</Filter>
    </ClInclude>
    <ClInclude Include="src\physics\TimeEffectorManager.h">
      <Filter>Header Files</Filter>
    </ClInclude>
    <ClInclude Include="src\physics\TimeEffected.h">
      <Filter>Header Files</Filter>
    </ClInclude>
    <ClInclude Include="src\debug\DrawRect.h">
      <Filter>Header Files</Filter>
    </ClInclude>
    <ClInclude Include="src\maths\Vec2.h">
      <Filter>Header Files</Filter>
    </ClInclude>
    <ClInclude Include="src\particles\Particle.h">
      <Filter>Header Files</Filter>
    </ClInclude>
    <ClInclude Include="src\particles\Dot.h">
      <Filter>Header Files</Filter>
    </ClInclude>
    <ClInclude Include="src\core\Meta.h">
      <Filter>Header Files</Filter>
    </ClInclude>
    <ClInclude Include="src\graphics\DrawableCollection.h">
      <Filter>Header Files</Filter>
    </ClInclude>
    <ClInclude Include="src\components\HitDisplay.h">
      <Filter>Header Files</Filter>
    </ClInclude>
    <ClInclude Include="src\utils\Tweens.h">
      <Filter>Header Files</Filter>
    </ClInclude>
    <ClInclude Include="src\input\ScrollSelect.h">
      <Filter>Header Files</Filter>
    </ClInclude>
    <ClInclude Include="src\input\DirectorStackable.h">
      <Filter>Header Files</Filter>
    </ClInclude>
    <ClInclude Include="src\input\MinMaxScrollSelect.h">
      <Filter>Header Files</Filter>
    </ClInclude>
    <ClInclude Include="src\utils\ValueManager.h">
      <Filter>Header Files</Filter>
    </ClInclude>
    <ClInclude Include="src\utils\timeline\Timeline.h">
      <Filter>Header Files</Filter>
    </ClInclude>
    <ClInclude Include="src\utils\timeline\TimelineEvent.h">
      <Filter>Header Files</Filter>
    </ClInclude>
    <ClInclude Include="src\utils\timeline\TimelineInstance.h">
      <Filter>Header Files</Filter>
    </ClInclude>
    <ClInclude Include="src\utils\timeline\events\TimelineExecuteEvent.h">
      <Filter>Header Files</Filter>
    </ClInclude>
    <ClInclude Include="src\utils\timeline\events\TimelineTriggerEvent.h">
      <Filter>Header Files</Filter>
    </ClInclude>
    <ClInclude Include="src\maps\TiledMap.h">
      <Filter>Header Files</Filter>
    </ClInclude>
    <ClInclude Include="src\thirdparty\jsonparser\json.hpp">
      <Filter>Header Files</Filter>
    </ClInclude>
    <ClInclude Include="src\graphics\Image.h">
      <Filter>Header Files</Filter>
    </ClInclude>
    <ClInclude Include="src\maps\TiledMapLayer.h">
      <Filter>Header Files</Filter>
    </ClInclude>
    <ClInclude Include="src\maps\Tile.h">
      <Filter>Header Files</Filter>
    </ClInclude>
    <ClInclude Include="src\maps\Tileset.h">
      <Filter>Header Files</Filter>
    </ClInclude>
    <ClInclude Include="src\core\Camera.h">
      <Filter>Header Files</Filter>
    </ClInclude>
    <ClInclude Include="src\maps\TileMap.h">
      <Filter>Header Files</Filter>
    </ClInclude>
    <ClInclude Include="src\physics\PhySprite.h">
      <Filter>Header Files</Filter>
    </ClInclude>
    <ClInclude Include="src\utils\AudioManager.h">
      <Filter>Header Files</Filter>
    </ClInclude>
    <ClInclude Include="src\audio\Audio.h">
      <Filter>Header Files</Filter>
    </ClInclude>
    <ClInclude Include="src\gui\imgui\imconfig.h">
      <Filter>Header Files</Filter>
    </ClInclude>
    <ClInclude Include="src\gui\imgui\imgui.h">
      <Filter>Header Files</Filter>
    </ClInclude>
    <ClInclude Include="src\gui\imgui\imgui_impl_sdl.h">
      <Filter>Header Files</Filter>
    </ClInclude>
    <ClInclude Include="src\gui\imgui\imgui_internal.h">
      <Filter>Header Files</Filter>
    </ClInclude>
    <ClInclude Include="src\gui\imgui\imstb_rectpack.h">
      <Filter>Header Files</Filter>
    </ClInclude>
    <ClInclude Include="src\gui\imgui\imstb_textedit.h">
      <Filter>Header Files</Filter>
    </ClInclude>
    <ClInclude Include="src\gui\imgui\imstb_truetype.h">
      <Filter>Header Files</Filter>
    </ClInclude>
    <ClInclude Include="src\gui\glad\glad.h">
      <Filter>Header Files</Filter>
    </ClInclude>
    <ClInclude Include="src\gui\glad\khrplatform.h">
      <Filter>Header Files</Filter>
    </ClInclude>
    <ClInclude Include="src\gui\imgui\imgui_impl_sdlrenderer.h">
      <Filter>Header Files</Filter>
    </ClInclude>
    <ClInclude Include="src\core\Environment.h">
      <Filter>Header Files</Filter>
    </ClInclude>
    <ClInclude Include="src\input\ScrollInput.h">
      <Filter>Header Files</Filter>
    </ClInclude>
    <ClInclude Include="src\utils\Director.h">
      <Filter>Header Files</Filter>
    </ClInclude>
  </ItemGroup>
  <ItemGroup>
    <Font Include="res\fonts\pixel1.ttf" />
    <Font Include="res\fonts\pixel2.ttf" />
    <Font Include="res\fonts\pixel3.ttf" />
    <Font Include="res\fonts\pixel4.ttf" />
    <Font Include="res\fonts\narrow.ttf" />
    <Font Include="res\fonts\verdana.ttf" />
  </ItemGroup>
  <ItemGroup>
    <Image Include="res\bomb_anim.png">
      <Filter>Resource Files</Filter>
    </Image>
    <Image Include="res\bullet_01.png">
      <Filter>Resource Files</Filter>
    </Image>
    <Image Include="res\bullet_02.png">
      <Filter>Resource Files</Filter>
    </Image>
    <Image Include="res\bullet_03.png">
      <Filter>Resource Files</Filter>
    </Image>
    <Image Include="res\explode_anim.png">
      <Filter>Resource Files</Filter>
    </Image>
    <Image Include="res\gameOverTitle.png">
      <Filter>Resource Files</Filter>
    </Image>
    <Image Include="res\nova2d-logo.png">
      <Filter>Resource Files</Filter>
    </Image>
    <Image Include="res\ship_01.png">
      <Filter>Resource Files</Filter>
    </Image>
    <Image Include="res\ship_01_anim.png">
      <Filter>Resource Files</Filter>
    </Image>
    <Image Include="res\ship_02.png">
      <Filter>Resource Files</Filter>
    </Image>
    <Image Include="res\ship_03.png">
      <Filter>Resource Files</Filter>
    </Image>
    <Image Include="res\title.png">
      <Filter>Resource Files</Filter>
    </Image>
  </ItemGroup>
  <ItemGroup>
    <None Include="src\gui\imgui\LICENSE" />
  </ItemGroup>
</Project>