
Microsoft Visual Studio Solution File, Format Version 12.00
# Visual Studio Version 16
VisualStudioVersion = 16.0.31424.327
MinimumVisualStudioVersion = 10.0.40219.1
Project("{8BC9CEB8-8B4A-11D0-8D11-00A0C91BC942}") = "nova-zero", "nova-zero\nova-zero.vcxproj", "{B7EB2F3E-4380-4D3F-9968-060848ADBD07}"
	ProjectSection(ProjectDependencies) = postProject
		{EE0E3807-784F-436A-85E1-1C603EC08EBF} = {EE0E3807-784F-436A-85E1-1C603EC08EBF}
	EndProjectSection
EndProject
Project("{8BC9CEB8-8B4A-11D0-8D11-00A0C91BC942}") = "empty-project", "empty-project\empty-project.vcxproj", "{890BF8AE-A62A-4488-AE9A-61FBA455A8F7}"
	ProjectSection(ProjectDependencies) = postProject
		{B7EB2F3E-4380-4D3F-9968-060848ADBD07} = {B7EB2F3E-4380-4D3F-9968-060848ADBD07}
	EndProjectSection
EndProject
Project("{8BC9CEB8-8B4A-11D0-8D11-00A0C91BC942}") = "test-project", "test-project\test-project.vcxproj", "{5A7B99D3-D75D-4F5A-89E6-AF269507DE49}"
	ProjectSection(ProjectDependencies) = postProject
		{B7EB2F3E-4380-4D3F-9968-060848ADBD07} = {B7EB2F3E-4380-4D3F-9968-060848ADBD07}
	EndProjectSection
EndProject
Project("{8BC9CEB8-8B4A-11D0-8D11-00A0C91BC942}") = "the-last-forest", "the-last-forest\the-last-forest.vcxproj", "{54912CE8-FC61-4B99-B0CC-BAFC71CA9291}"
	ProjectSection(ProjectDependencies) = postProject
		{B7EB2F3E-4380-4D3F-9968-060848ADBD07} = {B7EB2F3E-4380-4D3F-9968-060848ADBD07}
	EndProjectSection
EndProject
Project("{8BC9CEB8-8B4A-11D0-8D11-00A0C91BC942}") = "nova-web-builder", "nova-web-builder\nova-web-builder.vcxproj", "{18D79FE4-AA0A-4F00-8C25-281622DF6804}"
	ProjectSection(ProjectDependencies) = postProject
		{B7EB2F3E-4380-4D3F-9968-060848ADBD07} = {B7EB2F3E-4380-4D3F-9968-060848ADBD07}
	EndProjectSection
EndProject
Project("{8BC9CEB8-8B4A-11D0-8D11-00A0C91BC942}") = "box2d-liquidfun", "box2d-liquidfun\box2d-liquidfun.vcxproj", "{EE0E3807-784F-436A-85E1-1C603EC08EBF}"
EndProject
Global
	GlobalSection(SolutionConfigurationPlatforms) = preSolution
		Debug|x86 = Debug|x86
		Release|x86 = Release|x86
		Web|x86 = Web|x86
	EndGlobalSection
	GlobalSection(ProjectConfigurationPlatforms) = postSolution
		{B7EB2F3E-4380-4D3F-9968-060848ADBD07}.Debug|x86.ActiveCfg = Debug|Win32
		{B7EB2F3E-4380-4D3F-9968-060848ADBD07}.Debug|x86.Build.0 = Debug|Win32
		{B7EB2F3E-4380-4D3F-9968-060848ADBD07}.Release|x86.ActiveCfg = Release|Win32
		{B7EB2F3E-4380-4D3F-9968-060848ADBD07}.Release|x86.Build.0 = Release|Win32
		{B7EB2F3E-4380-4D3F-9968-060848ADBD07}.Web|x86.ActiveCfg = Web|Win32
		{B7EB2F3E-4380-4D3F-9968-060848ADBD07}.Web|x86.Build.0 = Web|Win32
		{890BF8AE-A62A-4488-AE9A-61FBA455A8F7}.Debug|x86.ActiveCfg = Debug|Win32
		{890BF8AE-A62A-4488-AE9A-61FBA455A8F7}.Debug|x86.Build.0 = Debug|Win32
		{890BF8AE-A62A-4488-AE9A-61FBA455A8F7}.Release|x86.ActiveCfg = Release|Win32
		{890BF8AE-A62A-4488-AE9A-61FBA455A8F7}.Release|x86.Build.0 = Release|Win32
		{890BF8AE-A62A-4488-AE9A-61FBA455A8F7}.Web|x86.ActiveCfg = Web|Win32
		{890BF8AE-A62A-4488-AE9A-61FBA455A8F7}.Web|x86.Build.0 = Web|Win32
		{5A7B99D3-D75D-4F5A-89E6-AF269507DE49}.Debug|x86.ActiveCfg = Debug|Win32
		{5A7B99D3-D75D-4F5A-89E6-AF269507DE49}.Debug|x86.Build.0 = Debug|Win32
		{5A7B99D3-D75D-4F5A-89E6-AF269507DE49}.Release|x86.ActiveCfg = Release|Win32
		{5A7B99D3-D75D-4F5A-89E6-AF269507DE49}.Release|x86.Build.0 = Release|Win32
		{5A7B99D3-D75D-4F5A-89E6-AF269507DE49}.Web|x86.ActiveCfg = Web|Win32
		{5A7B99D3-D75D-4F5A-89E6-AF269507DE49}.Web|x86.Build.0 = Web|Win32
		{54912CE8-FC61-4B99-B0CC-BAFC71CA9291}.Debug|x86.ActiveCfg = Debug|Win32
		{54912CE8-FC61-4B99-B0CC-BAFC71CA9291}.Debug|x86.Build.0 = Debug|Win32
		{54912CE8-FC61-4B99-B0CC-BAFC71CA9291}.Release|x86.ActiveCfg = Release|Win32
		{54912CE8-FC61-4B99-B0CC-BAFC71CA9291}.Release|x86.Build.0 = Release|Win32
		{54912CE8-FC61-4B99-B0CC-BAFC71CA9291}.Web|x86.ActiveCfg = Web|Win32
		{54912CE8-FC61-4B99-B0CC-BAFC71CA9291}.Web|x86.Build.0 = Web|Win32
		{18D79FE4-AA0A-4F00-8C25-281622DF6804}.Debug|x86.ActiveCfg = Debug|Win32
		{18D79FE4-AA0A-4F00-8C25-281622DF6804}.Debug|x86.Build.0 = Debug|Win32
		{18D79FE4-AA0A-4F00-8C25-281622DF6804}.Release|x86.ActiveCfg = Release|Win32
		{18D79FE4-AA0A-4F00-8C25-281622DF6804}.Release|x86.Build.0 = Release|Win32
		{18D79FE4-AA0A-4F00-8C25-281622DF6804}.Web|x86.ActiveCfg = Debug|Win32
		{18D79FE4-AA0A-4F00-8C25-281622DF6804}.Web|x86.Build.0 = Debug|Win32
		{EE0E3807-784F-436A-85E1-1C603EC08EBF}.Debug|x86.ActiveCfg = Debug|Win32
		{EE0E3807-784F-436A-85E1-1C603EC08EBF}.Debug|x86.Build.0 = Debug|Win32
		{EE0E3807-784F-436A-85E1-1C603EC08EBF}.Release|x86.ActiveCfg = Release|Win32
		{EE0E3807-784F-436A-85E1-1C603EC08EBF}.Release|x86.Build.0 = Release|Win32
		{EE0E3807-784F-436A-85E1-1C603EC08EBF}.Web|x86.ActiveCfg = Debug|Win32
		{EE0E3807-784F-436A-85E1-1C603EC08EBF}.Web|x86.Build.0 = Debug|Win32
	EndGlobalSection
	GlobalSection(SolutionProperties) = preSolution
		HideSolutionNode = FALSE
	EndGlobalSection
	GlobalSection(ExtensibilityGlobals) = postSolution
		SolutionGuid = {6FDAA330-C0FC-4548-999A-B9A5FC099329}
	EndGlobalSection
EndGlobal
